PODS:
  - AFNetworking (2.6.3):
    - AFNetworking/NSURLConnection (= 2.6.3)
    - AFNetworking/NSURLSession (= 2.6.3)
    - AFNetworking/Reachability (= 2.6.3)
    - AFNetworking/Security (= 2.6.3)
    - AFNetworking/Serialization (= 2.6.3)
    - AFNetworking/UIKit (= 2.6.3)
  - AFNetworking/NSURLConnection (2.6.3):
    - AFNetworking/Reachability
    - AFNetworking/Security
    - AFNetworking/Serialization
  - AFNetworking/NSURLSession (2.6.3):
    - AFNetworking/Reachability
    - AFNetworking/Security
    - AFNetworking/Serialization
  - AFNetworking/Reachability (2.6.3)
  - AFNetworking/Security (2.6.3)
  - AFNetworking/Serialization (2.6.3)
  - AFNetworking/UIKit (2.6.3):
    - AFNetworking/NSURLConnection
    - AFNetworking/NSURLSession
  - INTULocationManager (4.1.1)
  - LGPlusButtonsView (1.1.1)
  - REFrostedViewController (2.4.8)

DEPENDENCIES:
  - AFNetworking (~> 2.0)
  - INTULocationManager (~> 4.1)
  - LGPlusButtonsView (~> 1.1.0)
  - REFrostedViewController (~> 2.4)

SPEC CHECKSUMS:
  AFNetworking: cb8d14a848e831097108418f5d49217339d4eb60
  INTULocationManager: 83c7373048d583cda57e25eefb9bb8a3675acf16
  LGPlusButtonsView: 57878cd3d461d0ee2042f5b7b25d1c017e22a084
  REFrostedViewController: a893b4979ba1f200c547aef9ff4c3fd5a18f5923

PODFILE CHECKSUM: 557074ef18344f7b55b12fa1dbff27970285439e

COCOAPODS: 1.2.0
